
Microsoft Visual Studio Solution File, Format Version 12.00
# Visual Studio Version 16
VisualStudioVersion = 16.0.30621.155
MinimumVisualStudioVersion = 10.0.40219.1
Project("{FAE04EC0-301F-11D3-BF4B-00C04F79EFBC}") = "AdoNetEx", "AdoNetEx\AdoNetEx.csproj", "{0C3F32B3-7EA6-42CD-8C6C-EF8D2363703D}"
EndProject
Project("{FAE04EC0-301F-11D3-BF4B-00C04F79EFBC}") = "P2VillainNames", "P2VillainNames\P2VillainNames.csproj", "{7542422A-5CC9-47AA-9337-3A1A43CB481F}"
EndProject
Project("{FAE04EC0-301F-11D3-BF4B-00C04F79EFBC}") = "P3MinionNames", "P3MinionNames\P3MinionNames.csproj", "{77590BB3-264A-4335-91A2-0916261B6226}"
EndProject
Global
	GlobalSection(SolutionConfigurationPlatforms) = preSolution
		Debug|Any CPU = Debug|Any CPU
		Release|Any CPU = Release|Any CPU
	EndGlobalSection
	GlobalSection(ProjectConfigurationPlatforms) = postSolution
		{0C3F32B3-7EA6-42CD-8C6C-EF8D2363703D}.Debug|Any CPU.ActiveCfg = Debug|Any CPU
		{0C3F32B3-7EA6-42CD-8C6C-EF8D2363703D}.Debug|Any CPU.Build.0 = Debug|Any CPU
		{0C3F32B3-7EA6-42CD-8C6C-EF8D2363703D}.Release|Any CPU.ActiveCfg = Release|Any CPU
		{0C3F32B3-7EA6-42CD-8C6C-EF8D2363703D}.Release|Any CPU.Build.0 = Release|Any CPU
		{7542422A-5CC9-47AA-9337-3A1A43CB481F}.Debug|Any CPU.ActiveCfg = Debug|Any CPU
		{7542422A-5CC9-47AA-9337-3A1A43CB481F}.Debug|Any CPU.Build.0 = Debug|Any CPU
		{7542422A-5CC9-47AA-9337-3A1A43CB481F}.Release|Any CPU.ActiveCfg = Release|Any CPU
		{7542422A-5CC9-47AA-9337-3A1A43CB481F}.Release|Any CPU.Build.0 = Release|Any CPU
		{77590BB3-264A-4335-91A2-0916261B6226}.Debug|Any CPU.ActiveCfg = Debug|Any CPU
		{77590BB3-264A-4335-91A2-0916261B6226}.Debug|Any CPU.Build.0 = Debug|Any CPU
		{77590BB3-264A-4335-91A2-0916261B6226}.Release|Any CPU.ActiveCfg = Release|Any CPU
		{77590BB3-264A-4335-91A2-0916261B6226}.Release|Any CPU.Build.0 = Release|Any CPU
	EndGlobalSection
	GlobalSection(SolutionProperties) = preSolution
		HideSolutionNode = FALSE
	EndGlobalSection
	GlobalSection(ExtensibilityGlobals) = postSolution
		SolutionGuid = {494FA76A-2EF7-42D0-8822-7F663BBE22CC}
	EndGlobalSection
EndGlobal
