
Microsoft Visual Studio Solution File, Format Version 12.00
# Visual Studio Version 16
VisualStudioVersion = 16.0.30011.22
MinimumVisualStudioVersion = 10.0.40219.1
Project("{FAE04EC0-301F-11D3-BF4B-00C04F79EFBC}") = "StackAndQueuesLab", "StackAndQueuesLab\StackAndQueuesLab.csproj", "{B09A6D75-6544-42D2-8C57-EE9443ECC789}"
EndProject
Project("{FAE04EC0-301F-11D3-BF4B-00C04F79EFBC}") = "02.StackSum", "02.StackSum\02.StackSum.csproj", "{C7EE33CC-3489-4095-9586-2E2B11501073}"
EndProject
Project("{FAE04EC0-301F-11D3-BF4B-00C04F79EFBC}") = "03.SimpleCalculator", "03.SimpleCalculator\03.SimpleCalculator.csproj", "{02DB1CF1-E44E-4581-A2FE-A09C63EACD35}"
EndProject
Global
	GlobalSection(SolutionConfigurationPlatforms) = preSolution
		Debug|Any CPU = Debug|Any CPU
		Release|Any CPU = Release|Any CPU
	EndGlobalSection
	GlobalSection(ProjectConfigurationPlatforms) = postSolution
		{B09A6D75-6544-42D2-8C57-EE9443ECC789}.Debug|Any CPU.ActiveCfg = Debug|Any CPU
		{B09A6D75-6544-42D2-8C57-EE9443ECC789}.Debug|Any CPU.Build.0 = Debug|Any CPU
		{B09A6D75-6544-42D2-8C57-EE9443ECC789}.Release|Any CPU.ActiveCfg = Release|Any CPU
		{B09A6D75-6544-42D2-8C57-EE9443ECC789}.Release|Any CPU.Build.0 = Release|Any CPU
		{C7EE33CC-3489-4095-9586-2E2B11501073}.Debug|Any CPU.ActiveCfg = Debug|Any CPU
		{C7EE33CC-3489-4095-9586-2E2B11501073}.Debug|Any CPU.Build.0 = Debug|Any CPU
		{C7EE33CC-3489-4095-9586-2E2B11501073}.Release|Any CPU.ActiveCfg = Release|Any CPU
		{C7EE33CC-3489-4095-9586-2E2B11501073}.Release|Any CPU.Build.0 = Release|Any CPU
		{02DB1CF1-E44E-4581-A2FE-A09C63EACD35}.Debug|Any CPU.ActiveCfg = Debug|Any CPU
		{02DB1CF1-E44E-4581-A2FE-A09C63EACD35}.Debug|Any CPU.Build.0 = Debug|Any CPU
		{02DB1CF1-E44E-4581-A2FE-A09C63EACD35}.Release|Any CPU.ActiveCfg = Release|Any CPU
		{02DB1CF1-E44E-4581-A2FE-A09C63EACD35}.Release|Any CPU.Build.0 = Release|Any CPU
	EndGlobalSection
	GlobalSection(SolutionProperties) = preSolution
		HideSolutionNode = FALSE
	EndGlobalSection
	GlobalSection(ExtensibilityGlobals) = postSolution
		SolutionGuid = {87EE15A5-FB43-4B6A-A1B4-7FC6EDA2F640}
	EndGlobalSection
EndGlobal
