
Microsoft Visual Studio Solution File, Format Version 12.00
# Visual Studio Version 16
VisualStudioVersion = 16.0.30621.155
MinimumVisualStudioVersion = 10.0.40219.1
Project("{FAE04EC0-301F-11D3-BF4B-00C04F79EFBC}") = "P03_FootballBetting", "P03_FootballBetting\P03_FootballBetting.csproj", "{9BA90266-1A46-4339-8E8B-13376BEE8AD3}"
EndProject
Project("{FAE04EC0-301F-11D3-BF4B-00C04F79EFBC}") = "P03_FootballBetting.Data", "P03_FootballBetting.Data\P03_FootballBetting.Data.csproj", "{85EAD84F-ACD7-4094-950A-DE9949A91271}"
EndProject
Project("{FAE04EC0-301F-11D3-BF4B-00C04F79EFBC}") = "P03_FootballBetting.Data.Models", "P03_FootballBetting.Data.Models\P03_FootballBetting.Data.Models.csproj", "{DFBCEC7D-1515-4FDF-9322-5ABFD3A9156A}"
EndProject
Global
	GlobalSection(SolutionConfigurationPlatforms) = preSolution
		Debug|Any CPU = Debug|Any CPU
		Release|Any CPU = Release|Any CPU
	EndGlobalSection
	GlobalSection(ProjectConfigurationPlatforms) = postSolution
		{9BA90266-1A46-4339-8E8B-13376BEE8AD3}.Debug|Any CPU.ActiveCfg = Debug|Any CPU
		{9BA90266-1A46-4339-8E8B-13376BEE8AD3}.Debug|Any CPU.Build.0 = Debug|Any CPU
		{9BA90266-1A46-4339-8E8B-13376BEE8AD3}.Release|Any CPU.ActiveCfg = Release|Any CPU
		{9BA90266-1A46-4339-8E8B-13376BEE8AD3}.Release|Any CPU.Build.0 = Release|Any CPU
		{85EAD84F-ACD7-4094-950A-DE9949A91271}.Debug|Any CPU.ActiveCfg = Debug|Any CPU
		{85EAD84F-ACD7-4094-950A-DE9949A91271}.Debug|Any CPU.Build.0 = Debug|Any CPU
		{85EAD84F-ACD7-4094-950A-DE9949A91271}.Release|Any CPU.ActiveCfg = Release|Any CPU
		{85EAD84F-ACD7-4094-950A-DE9949A91271}.Release|Any CPU.Build.0 = Release|Any CPU
		{DFBCEC7D-1515-4FDF-9322-5ABFD3A9156A}.Debug|Any CPU.ActiveCfg = Debug|Any CPU
		{DFBCEC7D-1515-4FDF-9322-5ABFD3A9156A}.Debug|Any CPU.Build.0 = Debug|Any CPU
		{DFBCEC7D-1515-4FDF-9322-5ABFD3A9156A}.Release|Any CPU.ActiveCfg = Release|Any CPU
		{DFBCEC7D-1515-4FDF-9322-5ABFD3A9156A}.Release|Any CPU.Build.0 = Release|Any CPU
	EndGlobalSection
	GlobalSection(SolutionProperties) = preSolution
		HideSolutionNode = FALSE
	EndGlobalSection
	GlobalSection(ExtensibilityGlobals) = postSolution
		SolutionGuid = {6EC1D716-3A8F-4F97-AD95-509D7E7C5F5C}
	EndGlobalSection
EndGlobal
