
Microsoft Visual Studio Solution File, Format Version 12.00
# Visual Studio Version 16
VisualStudioVersion = 16.0.30011.22
MinimumVisualStudioVersion = 10.0.40219.1
Project("{FAE04EC0-301F-11D3-BF4B-00C04F79EFBC}") = "P1DatingApp", "P1DatingApp\P1DatingApp.csproj", "{C43958D6-B496-4033-849B-374154BF9856}"
EndProject
Project("{FAE04EC0-301F-11D3-BF4B-00C04F79EFBC}") = "P2BookWorm", "P2BookWorm\P2BookWorm.csproj", "{BB78C817-901B-4733-8569-4CE8FE58F676}"
EndProject
Global
	GlobalSection(SolutionConfigurationPlatforms) = preSolution
		Debug|Any CPU = Debug|Any CPU
		Release|Any CPU = Release|Any CPU
	EndGlobalSection
	GlobalSection(ProjectConfigurationPlatforms) = postSolution
		{C43958D6-B496-4033-849B-374154BF9856}.Debug|Any CPU.ActiveCfg = Debug|Any CPU
		{C43958D6-B496-4033-849B-374154BF9856}.Debug|Any CPU.Build.0 = Debug|Any CPU
		{C43958D6-B496-4033-849B-374154BF9856}.Release|Any CPU.ActiveCfg = Release|Any CPU
		{C43958D6-B496-4033-849B-374154BF9856}.Release|Any CPU.Build.0 = Release|Any CPU
		{BB78C817-901B-4733-8569-4CE8FE58F676}.Debug|Any CPU.ActiveCfg = Debug|Any CPU
		{BB78C817-901B-4733-8569-4CE8FE58F676}.Debug|Any CPU.Build.0 = Debug|Any CPU
		{BB78C817-901B-4733-8569-4CE8FE58F676}.Release|Any CPU.ActiveCfg = Release|Any CPU
		{BB78C817-901B-4733-8569-4CE8FE58F676}.Release|Any CPU.Build.0 = Release|Any CPU
	EndGlobalSection
	GlobalSection(SolutionProperties) = preSolution
		HideSolutionNode = FALSE
	EndGlobalSection
	GlobalSection(ExtensibilityGlobals) = postSolution
		SolutionGuid = {59A73CD9-77C9-4A93-AEE3-D12AA1243634}
	EndGlobalSection
EndGlobal
