
Microsoft Visual Studio Solution File, Format Version 12.00
# Visual Studio Version 16
VisualStudioVersion = 16.0.30011.22
MinimumVisualStudioVersion = 10.0.40219.1
Project("{9A19103F-16F7-4668-BE54-9A1E7A4F7556}") = "MultiDimensionalArraysExercise", "MultiDimensionalArraysExercise\MultiDimensionalArraysExercise.csproj", "{AC6B8023-4480-472B-8C42-2BBE4D93BDAD}"
EndProject
Project("{9A19103F-16F7-4668-BE54-9A1E7A4F7556}") = "2. Squares in Matrix", "2. Squares in Matrix\2. Squares in Matrix.csproj", "{60E2DF11-F8B1-4529-9420-F89D7B8AF6D9}"
EndProject
Project("{9A19103F-16F7-4668-BE54-9A1E7A4F7556}") = "3. Maximal Sum", "3. Maximal Sum\3. Maximal Sum.csproj", "{01B49004-A16B-4BA1-8EC5-265EABBCB405}"
EndProject
Project("{9A19103F-16F7-4668-BE54-9A1E7A4F7556}") = "4. Matrix Shuffling", "4. Matrix Shuffling\4. Matrix Shuffling.csproj", "{081ACE98-E3A8-4566-90F9-8CD629695681}"
EndProject
Project("{9A19103F-16F7-4668-BE54-9A1E7A4F7556}") = "5. Snake Moves", "5. Snake Moves\5. Snake Moves.csproj", "{E6262B75-E5AF-4E6E-A6EC-12F2B6098A53}"
EndProject
Project("{9A19103F-16F7-4668-BE54-9A1E7A4F7556}") = "6. Jagged Array Manipulator", "6. Jagged Array Manipulator\6. Jagged Array Manipulator.csproj", "{A5A90450-FAF2-4BFC-AB73-935F122E10F1}"
EndProject
Project("{FAE04EC0-301F-11D3-BF4B-00C04F79EFBC}") = "7. Knight Game", "7. Knight Game\7. Knight Game.csproj", "{1B5D60F9-9D52-416E-9F1C-E3B70924C639}"
EndProject
Project("{FAE04EC0-301F-11D3-BF4B-00C04F79EFBC}") = "10. Radioactive Mutant Vampire Bunnies", "10. Radioactive Mutant Vampire Bunnies\10. Radioactive Mutant Vampire Bunnies.csproj", "{DD87EF15-7E76-4ED7-A849-1FDC6AA9B1B8}"
EndProject
Global
	GlobalSection(SolutionConfigurationPlatforms) = preSolution
		Debug|Any CPU = Debug|Any CPU
		Release|Any CPU = Release|Any CPU
	EndGlobalSection
	GlobalSection(ProjectConfigurationPlatforms) = postSolution
		{AC6B8023-4480-472B-8C42-2BBE4D93BDAD}.Debug|Any CPU.ActiveCfg = Debug|Any CPU
		{AC6B8023-4480-472B-8C42-2BBE4D93BDAD}.Debug|Any CPU.Build.0 = Debug|Any CPU
		{AC6B8023-4480-472B-8C42-2BBE4D93BDAD}.Release|Any CPU.ActiveCfg = Release|Any CPU
		{AC6B8023-4480-472B-8C42-2BBE4D93BDAD}.Release|Any CPU.Build.0 = Release|Any CPU
		{60E2DF11-F8B1-4529-9420-F89D7B8AF6D9}.Debug|Any CPU.ActiveCfg = Debug|Any CPU
		{60E2DF11-F8B1-4529-9420-F89D7B8AF6D9}.Debug|Any CPU.Build.0 = Debug|Any CPU
		{60E2DF11-F8B1-4529-9420-F89D7B8AF6D9}.Release|Any CPU.ActiveCfg = Release|Any CPU
		{60E2DF11-F8B1-4529-9420-F89D7B8AF6D9}.Release|Any CPU.Build.0 = Release|Any CPU
		{01B49004-A16B-4BA1-8EC5-265EABBCB405}.Debug|Any CPU.ActiveCfg = Debug|Any CPU
		{01B49004-A16B-4BA1-8EC5-265EABBCB405}.Debug|Any CPU.Build.0 = Debug|Any CPU
		{01B49004-A16B-4BA1-8EC5-265EABBCB405}.Release|Any CPU.ActiveCfg = Release|Any CPU
		{01B49004-A16B-4BA1-8EC5-265EABBCB405}.Release|Any CPU.Build.0 = Release|Any CPU
		{081ACE98-E3A8-4566-90F9-8CD629695681}.Debug|Any CPU.ActiveCfg = Debug|Any CPU
		{081ACE98-E3A8-4566-90F9-8CD629695681}.Debug|Any CPU.Build.0 = Debug|Any CPU
		{081ACE98-E3A8-4566-90F9-8CD629695681}.Release|Any CPU.ActiveCfg = Release|Any CPU
		{081ACE98-E3A8-4566-90F9-8CD629695681}.Release|Any CPU.Build.0 = Release|Any CPU
		{E6262B75-E5AF-4E6E-A6EC-12F2B6098A53}.Debug|Any CPU.ActiveCfg = Debug|Any CPU
		{E6262B75-E5AF-4E6E-A6EC-12F2B6098A53}.Debug|Any CPU.Build.0 = Debug|Any CPU
		{E6262B75-E5AF-4E6E-A6EC-12F2B6098A53}.Release|Any CPU.ActiveCfg = Release|Any CPU
		{E6262B75-E5AF-4E6E-A6EC-12F2B6098A53}.Release|Any CPU.Build.0 = Release|Any CPU
		{A5A90450-FAF2-4BFC-AB73-935F122E10F1}.Debug|Any CPU.ActiveCfg = Debug|Any CPU
		{A5A90450-FAF2-4BFC-AB73-935F122E10F1}.Debug|Any CPU.Build.0 = Debug|Any CPU
		{A5A90450-FAF2-4BFC-AB73-935F122E10F1}.Release|Any CPU.ActiveCfg = Release|Any CPU
		{A5A90450-FAF2-4BFC-AB73-935F122E10F1}.Release|Any CPU.Build.0 = Release|Any CPU
		{1B5D60F9-9D52-416E-9F1C-E3B70924C639}.Debug|Any CPU.ActiveCfg = Debug|Any CPU
		{1B5D60F9-9D52-416E-9F1C-E3B70924C639}.Debug|Any CPU.Build.0 = Debug|Any CPU
		{1B5D60F9-9D52-416E-9F1C-E3B70924C639}.Release|Any CPU.ActiveCfg = Release|Any CPU
		{1B5D60F9-9D52-416E-9F1C-E3B70924C639}.Release|Any CPU.Build.0 = Release|Any CPU
		{DD87EF15-7E76-4ED7-A849-1FDC6AA9B1B8}.Debug|Any CPU.ActiveCfg = Debug|Any CPU
		{DD87EF15-7E76-4ED7-A849-1FDC6AA9B1B8}.Debug|Any CPU.Build.0 = Debug|Any CPU
		{DD87EF15-7E76-4ED7-A849-1FDC6AA9B1B8}.Release|Any CPU.ActiveCfg = Release|Any CPU
		{DD87EF15-7E76-4ED7-A849-1FDC6AA9B1B8}.Release|Any CPU.Build.0 = Release|Any CPU
	EndGlobalSection
	GlobalSection(SolutionProperties) = preSolution
		HideSolutionNode = FALSE
	EndGlobalSection
	GlobalSection(ExtensibilityGlobals) = postSolution
		SolutionGuid = {B353D48A-04F0-4FCF-BE03-9C175D8F8093}
	EndGlobalSection
EndGlobal
