
Microsoft Visual Studio Solution File, Format Version 12.00
# Visual Studio Version 16
VisualStudioVersion = 16.0.30011.22
MinimumVisualStudioVersion = 10.0.40219.1
Project("{FAE04EC0-301F-11D3-BF4B-00C04F79EFBC}") = "P1.Even Lines", "ExerciseStreamsFilesAndDirectories\P1.Even Lines.csproj", "{E3A0D292-055C-48C9-B681-107A19E36E98}"
EndProject
Project("{FAE04EC0-301F-11D3-BF4B-00C04F79EFBC}") = "P2.LineNumbers", "P2.LineNumbers\P2.LineNumbers.csproj", "{74C30982-E27F-4FE0-BBCF-673A50C02FF6}"
EndProject
Global
	GlobalSection(SolutionConfigurationPlatforms) = preSolution
		Debug|Any CPU = Debug|Any CPU
		Release|Any CPU = Release|Any CPU
	EndGlobalSection
	GlobalSection(ProjectConfigurationPlatforms) = postSolution
		{E3A0D292-055C-48C9-B681-107A19E36E98}.Debug|Any CPU.ActiveCfg = Debug|Any CPU
		{E3A0D292-055C-48C9-B681-107A19E36E98}.Debug|Any CPU.Build.0 = Debug|Any CPU
		{E3A0D292-055C-48C9-B681-107A19E36E98}.Release|Any CPU.ActiveCfg = Release|Any CPU
		{E3A0D292-055C-48C9-B681-107A19E36E98}.Release|Any CPU.Build.0 = Release|Any CPU
		{74C30982-E27F-4FE0-BBCF-673A50C02FF6}.Debug|Any CPU.ActiveCfg = Debug|Any CPU
		{74C30982-E27F-4FE0-BBCF-673A50C02FF6}.Debug|Any CPU.Build.0 = Debug|Any CPU
		{74C30982-E27F-4FE0-BBCF-673A50C02FF6}.Release|Any CPU.ActiveCfg = Release|Any CPU
		{74C30982-E27F-4FE0-BBCF-673A50C02FF6}.Release|Any CPU.Build.0 = Release|Any CPU
	EndGlobalSection
	GlobalSection(SolutionProperties) = preSolution
		HideSolutionNode = FALSE
	EndGlobalSection
	GlobalSection(ExtensibilityGlobals) = postSolution
		SolutionGuid = {28205352-4AE7-4918-B736-A85A0F776507}
	EndGlobalSection
EndGlobal
