
Microsoft Visual Studio Solution File, Format Version 12.00
# Visual Studio Version 16
VisualStudioVersion = 16.0.30011.22
MinimumVisualStudioVersion = 10.0.40219.1
Project("{9A19103F-16F7-4668-BE54-9A1E7A4F7556}") = "01.WarriorsQuest", "01.WarriorsQuest\01.WarriorsQuest.csproj", "{02E4240C-E2CD-4A9C-9449-19695C54C3A4}"
EndProject
Project("{9A19103F-16F7-4668-BE54-9A1E7A4F7556}") = "02.BossRush", "02.BossRush\02.BossRush.csproj", "{74F786AF-DCD1-46AF-B6D0-6A5F279CB9FA}"
EndProject
Project("{9A19103F-16F7-4668-BE54-9A1E7A4F7556}") = "Hero Recruitment", "Hero Recruitment\Hero Recruitment.csproj", "{09E7057F-E5CD-4F10-86FA-376898A94DDA}"
EndProject
Project("{9A19103F-16F7-4668-BE54-9A1E7A4F7556}") = "07.12.Nikulden’sCharity", "07.12.Nikulden’sCharity\07.12.Nikulden’sCharity.csproj", "{61AB0759-D1D4-4014-9B37-469562A00BD7}"
EndProject
Project("{FAE04EC0-301F-11D3-BF4B-00C04F79EFBC}") = "07.12.Nikulden'sMeals", "07.12.Nikulden'sMeals\07.12.Nikulden'sMeals.csproj", "{62DFE84A-E205-4A06-89CF-419091091E91}"
EndProject
Project("{FAE04EC0-301F-11D3-BF4B-00C04F79EFBC}") = "02.12.MessageTranslator", "02.12.MessageTranslator\02.12.MessageTranslator.csproj", "{7AD4EC69-055F-41CA-B666-B11B710CE477}"
EndProject
Global
	GlobalSection(SolutionConfigurationPlatforms) = preSolution
		Debug|Any CPU = Debug|Any CPU
		Release|Any CPU = Release|Any CPU
	EndGlobalSection
	GlobalSection(ProjectConfigurationPlatforms) = postSolution
		{02E4240C-E2CD-4A9C-9449-19695C54C3A4}.Debug|Any CPU.ActiveCfg = Debug|Any CPU
		{02E4240C-E2CD-4A9C-9449-19695C54C3A4}.Debug|Any CPU.Build.0 = Debug|Any CPU
		{02E4240C-E2CD-4A9C-9449-19695C54C3A4}.Release|Any CPU.ActiveCfg = Release|Any CPU
		{02E4240C-E2CD-4A9C-9449-19695C54C3A4}.Release|Any CPU.Build.0 = Release|Any CPU
		{74F786AF-DCD1-46AF-B6D0-6A5F279CB9FA}.Debug|Any CPU.ActiveCfg = Debug|Any CPU
		{74F786AF-DCD1-46AF-B6D0-6A5F279CB9FA}.Debug|Any CPU.Build.0 = Debug|Any CPU
		{74F786AF-DCD1-46AF-B6D0-6A5F279CB9FA}.Release|Any CPU.ActiveCfg = Release|Any CPU
		{74F786AF-DCD1-46AF-B6D0-6A5F279CB9FA}.Release|Any CPU.Build.0 = Release|Any CPU
		{09E7057F-E5CD-4F10-86FA-376898A94DDA}.Debug|Any CPU.ActiveCfg = Debug|Any CPU
		{09E7057F-E5CD-4F10-86FA-376898A94DDA}.Debug|Any CPU.Build.0 = Debug|Any CPU
		{09E7057F-E5CD-4F10-86FA-376898A94DDA}.Release|Any CPU.ActiveCfg = Release|Any CPU
		{09E7057F-E5CD-4F10-86FA-376898A94DDA}.Release|Any CPU.Build.0 = Release|Any CPU
		{61AB0759-D1D4-4014-9B37-469562A00BD7}.Debug|Any CPU.ActiveCfg = Debug|Any CPU
		{61AB0759-D1D4-4014-9B37-469562A00BD7}.Debug|Any CPU.Build.0 = Debug|Any CPU
		{61AB0759-D1D4-4014-9B37-469562A00BD7}.Release|Any CPU.ActiveCfg = Release|Any CPU
		{61AB0759-D1D4-4014-9B37-469562A00BD7}.Release|Any CPU.Build.0 = Release|Any CPU
		{62DFE84A-E205-4A06-89CF-419091091E91}.Debug|Any CPU.ActiveCfg = Debug|Any CPU
		{62DFE84A-E205-4A06-89CF-419091091E91}.Debug|Any CPU.Build.0 = Debug|Any CPU
		{62DFE84A-E205-4A06-89CF-419091091E91}.Release|Any CPU.ActiveCfg = Release|Any CPU
		{62DFE84A-E205-4A06-89CF-419091091E91}.Release|Any CPU.Build.0 = Release|Any CPU
		{7AD4EC69-055F-41CA-B666-B11B710CE477}.Debug|Any CPU.ActiveCfg = Debug|Any CPU
		{7AD4EC69-055F-41CA-B666-B11B710CE477}.Debug|Any CPU.Build.0 = Debug|Any CPU
		{7AD4EC69-055F-41CA-B666-B11B710CE477}.Release|Any CPU.ActiveCfg = Release|Any CPU
		{7AD4EC69-055F-41CA-B666-B11B710CE477}.Release|Any CPU.Build.0 = Release|Any CPU
	EndGlobalSection
	GlobalSection(SolutionProperties) = preSolution
		HideSolutionNode = FALSE
	EndGlobalSection
	GlobalSection(ExtensibilityGlobals) = postSolution
		SolutionGuid = {11579C2F-BBC7-4D9B-B35F-79CE74969660}
	EndGlobalSection
EndGlobal
