
Microsoft Visual Studio Solution File, Format Version 12.00
# Visual Studio Version 16
VisualStudioVersion = 16.0.30011.22
MinimumVisualStudioVersion = 10.0.40219.1
Project("{9A19103F-16F7-4668-BE54-9A1E7A4F7556}") = "DefiningClasses", "D:\morve\homeWorks\C#Advanced\DefiningClasses\DefiningClasses\DefiningClasses.csproj", "{B58D991F-FD0E-4CC2-89BD-43AFDEB8B63A}"
EndProject
Project("{9A19103F-16F7-4668-BE54-9A1E7A4F7556}") = "DateModifier", "D:\morve\homeWorks\C#Advanced\DefiningClasses\DateModifier\DateModifier.csproj", "{AB78B8E0-273D-4046-95AC-3B78FA2B2F6A}"
EndProject
Project("{9A19103F-16F7-4668-BE54-9A1E7A4F7556}") = "P06.SpeedRacing", "D:\morve\homeWorks\C#Advanced\DefiningClasses\P06.SpeedRacing\P06.SpeedRacing.csproj", "{E83123A5-4B18-4A31-B360-1C1B2856B404}"
EndProject
Project("{9A19103F-16F7-4668-BE54-9A1E7A4F7556}") = "P07.RawData", "D:\morve\homeWorks\C#Advanced\DefiningClasses\P07.RawData\P07.RawData.csproj", "{7B92FC1C-229F-4E8F-8005-56448AA8DE07}"
EndProject
Project("{9A19103F-16F7-4668-BE54-9A1E7A4F7556}") = "P08.CarSalesman", "D:\morve\homeWorks\C#Advanced\DefiningClasses\P08.CarSalesman\P08.CarSalesman.csproj", "{3D3F905A-5E42-4A3B-BBA8-D4A144BA95AC}"
EndProject
Project("{9A19103F-16F7-4668-BE54-9A1E7A4F7556}") = "P09.PokemonTrainer", "D:\morve\homeWorks\C#Advanced\DefiningClasses\P09.PokemonTrainer\P09.PokemonTrainer.csproj", "{7CD5E7C3-709D-4835-9D8F-67922A38A8E9}"
EndProject
Project("{9A19103F-16F7-4668-BE54-9A1E7A4F7556}") = "SoftUniParking", "P10.SoftUniParking\SoftUniParking.csproj", "{2F8B7E0E-962C-40D4-9D9E-D8697A9E8E49}"
EndProject
Global
	GlobalSection(SolutionConfigurationPlatforms) = preSolution
		Debug|Any CPU = Debug|Any CPU
		Release|Any CPU = Release|Any CPU
	EndGlobalSection
	GlobalSection(ProjectConfigurationPlatforms) = postSolution
		{B58D991F-FD0E-4CC2-89BD-43AFDEB8B63A}.Debug|Any CPU.ActiveCfg = Debug|Any CPU
		{B58D991F-FD0E-4CC2-89BD-43AFDEB8B63A}.Debug|Any CPU.Build.0 = Debug|Any CPU
		{B58D991F-FD0E-4CC2-89BD-43AFDEB8B63A}.Release|Any CPU.ActiveCfg = Release|Any CPU
		{B58D991F-FD0E-4CC2-89BD-43AFDEB8B63A}.Release|Any CPU.Build.0 = Release|Any CPU
		{AB78B8E0-273D-4046-95AC-3B78FA2B2F6A}.Debug|Any CPU.ActiveCfg = Debug|Any CPU
		{AB78B8E0-273D-4046-95AC-3B78FA2B2F6A}.Debug|Any CPU.Build.0 = Debug|Any CPU
		{AB78B8E0-273D-4046-95AC-3B78FA2B2F6A}.Release|Any CPU.ActiveCfg = Release|Any CPU
		{AB78B8E0-273D-4046-95AC-3B78FA2B2F6A}.Release|Any CPU.Build.0 = Release|Any CPU
		{E83123A5-4B18-4A31-B360-1C1B2856B404}.Debug|Any CPU.ActiveCfg = Debug|Any CPU
		{E83123A5-4B18-4A31-B360-1C1B2856B404}.Debug|Any CPU.Build.0 = Debug|Any CPU
		{E83123A5-4B18-4A31-B360-1C1B2856B404}.Release|Any CPU.ActiveCfg = Release|Any CPU
		{E83123A5-4B18-4A31-B360-1C1B2856B404}.Release|Any CPU.Build.0 = Release|Any CPU
		{7B92FC1C-229F-4E8F-8005-56448AA8DE07}.Debug|Any CPU.ActiveCfg = Debug|Any CPU
		{7B92FC1C-229F-4E8F-8005-56448AA8DE07}.Debug|Any CPU.Build.0 = Debug|Any CPU
		{7B92FC1C-229F-4E8F-8005-56448AA8DE07}.Release|Any CPU.ActiveCfg = Release|Any CPU
		{7B92FC1C-229F-4E8F-8005-56448AA8DE07}.Release|Any CPU.Build.0 = Release|Any CPU
		{3D3F905A-5E42-4A3B-BBA8-D4A144BA95AC}.Debug|Any CPU.ActiveCfg = Debug|Any CPU
		{3D3F905A-5E42-4A3B-BBA8-D4A144BA95AC}.Debug|Any CPU.Build.0 = Debug|Any CPU
		{3D3F905A-5E42-4A3B-BBA8-D4A144BA95AC}.Release|Any CPU.ActiveCfg = Release|Any CPU
		{3D3F905A-5E42-4A3B-BBA8-D4A144BA95AC}.Release|Any CPU.Build.0 = Release|Any CPU
		{7CD5E7C3-709D-4835-9D8F-67922A38A8E9}.Debug|Any CPU.ActiveCfg = Debug|Any CPU
		{7CD5E7C3-709D-4835-9D8F-67922A38A8E9}.Debug|Any CPU.Build.0 = Debug|Any CPU
		{7CD5E7C3-709D-4835-9D8F-67922A38A8E9}.Release|Any CPU.ActiveCfg = Release|Any CPU
		{7CD5E7C3-709D-4835-9D8F-67922A38A8E9}.Release|Any CPU.Build.0 = Release|Any CPU
		{2F8B7E0E-962C-40D4-9D9E-D8697A9E8E49}.Debug|Any CPU.ActiveCfg = Debug|Any CPU
		{2F8B7E0E-962C-40D4-9D9E-D8697A9E8E49}.Debug|Any CPU.Build.0 = Debug|Any CPU
		{2F8B7E0E-962C-40D4-9D9E-D8697A9E8E49}.Release|Any CPU.ActiveCfg = Release|Any CPU
		{2F8B7E0E-962C-40D4-9D9E-D8697A9E8E49}.Release|Any CPU.Build.0 = Release|Any CPU
	EndGlobalSection
	GlobalSection(SolutionProperties) = preSolution
		HideSolutionNode = FALSE
	EndGlobalSection
	GlobalSection(ExtensibilityGlobals) = postSolution
		SolutionGuid = {1A137EB8-175A-4C56-A62A-F26BEB8549F0}
	EndGlobalSection
EndGlobal
