
Microsoft Visual Studio Solution File, Format Version 12.00
# Visual Studio Version 16
VisualStudioVersion = 16.0.30011.22
MinimumVisualStudioVersion = 10.0.40219.1
Project("{9A19103F-16F7-4668-BE54-9A1E7A4F7556}") = "PersonInfo", "PersonInfo\PersonInfo.csproj", "{EBD8B5CF-0106-42A5-A9E3-2FAAEA2D6DCC}"
EndProject
Project("{9A19103F-16F7-4668-BE54-9A1E7A4F7556}") = "P3Telephony", "P3Telephony\P3Telephony.csproj", "{4AAC8587-73A8-4452-90B5-882FECA87043}"
EndProject
Project("{9A19103F-16F7-4668-BE54-9A1E7A4F7556}") = "P4BorderControl", "P4BorderControl\P4BorderControl.csproj", "{C842F988-5822-495A-8BA5-2B7636DB1AF6}"
EndProject
Project("{9A19103F-16F7-4668-BE54-9A1E7A4F7556}") = "P5BirthdayCelebrations", "P5BirthdayCelebrations\P5BirthdayCelebrations.csproj", "{C432EE9B-BE30-4532-A454-C6941A3733C6}"
EndProject
Project("{9A19103F-16F7-4668-BE54-9A1E7A4F7556}") = "P6FoodShortage", "P6FoodShortage\P6FoodShortage.csproj", "{2B725090-F1C9-4310-ACF9-D1A2C80CE7B1}"
EndProject
Project("{FAE04EC0-301F-11D3-BF4B-00C04F79EFBC}") = "MilitaryElite", "MilitaryElite\MilitaryElite.csproj", "{1149071B-C953-4590-9867-2700CD5364A2}"
EndProject
Global
	GlobalSection(SolutionConfigurationPlatforms) = preSolution
		Debug|Any CPU = Debug|Any CPU
		Release|Any CPU = Release|Any CPU
	EndGlobalSection
	GlobalSection(ProjectConfigurationPlatforms) = postSolution
		{EBD8B5CF-0106-42A5-A9E3-2FAAEA2D6DCC}.Debug|Any CPU.ActiveCfg = Debug|Any CPU
		{EBD8B5CF-0106-42A5-A9E3-2FAAEA2D6DCC}.Debug|Any CPU.Build.0 = Debug|Any CPU
		{EBD8B5CF-0106-42A5-A9E3-2FAAEA2D6DCC}.Release|Any CPU.ActiveCfg = Release|Any CPU
		{EBD8B5CF-0106-42A5-A9E3-2FAAEA2D6DCC}.Release|Any CPU.Build.0 = Release|Any CPU
		{4AAC8587-73A8-4452-90B5-882FECA87043}.Debug|Any CPU.ActiveCfg = Debug|Any CPU
		{4AAC8587-73A8-4452-90B5-882FECA87043}.Debug|Any CPU.Build.0 = Debug|Any CPU
		{4AAC8587-73A8-4452-90B5-882FECA87043}.Release|Any CPU.ActiveCfg = Release|Any CPU
		{4AAC8587-73A8-4452-90B5-882FECA87043}.Release|Any CPU.Build.0 = Release|Any CPU
		{C842F988-5822-495A-8BA5-2B7636DB1AF6}.Debug|Any CPU.ActiveCfg = Debug|Any CPU
		{C842F988-5822-495A-8BA5-2B7636DB1AF6}.Debug|Any CPU.Build.0 = Debug|Any CPU
		{C842F988-5822-495A-8BA5-2B7636DB1AF6}.Release|Any CPU.ActiveCfg = Release|Any CPU
		{C842F988-5822-495A-8BA5-2B7636DB1AF6}.Release|Any CPU.Build.0 = Release|Any CPU
		{C432EE9B-BE30-4532-A454-C6941A3733C6}.Debug|Any CPU.ActiveCfg = Debug|Any CPU
		{C432EE9B-BE30-4532-A454-C6941A3733C6}.Debug|Any CPU.Build.0 = Debug|Any CPU
		{C432EE9B-BE30-4532-A454-C6941A3733C6}.Release|Any CPU.ActiveCfg = Release|Any CPU
		{C432EE9B-BE30-4532-A454-C6941A3733C6}.Release|Any CPU.Build.0 = Release|Any CPU
		{2B725090-F1C9-4310-ACF9-D1A2C80CE7B1}.Debug|Any CPU.ActiveCfg = Debug|Any CPU
		{2B725090-F1C9-4310-ACF9-D1A2C80CE7B1}.Debug|Any CPU.Build.0 = Debug|Any CPU
		{2B725090-F1C9-4310-ACF9-D1A2C80CE7B1}.Release|Any CPU.ActiveCfg = Release|Any CPU
		{2B725090-F1C9-4310-ACF9-D1A2C80CE7B1}.Release|Any CPU.Build.0 = Release|Any CPU
		{1149071B-C953-4590-9867-2700CD5364A2}.Debug|Any CPU.ActiveCfg = Debug|Any CPU
		{1149071B-C953-4590-9867-2700CD5364A2}.Debug|Any CPU.Build.0 = Debug|Any CPU
		{1149071B-C953-4590-9867-2700CD5364A2}.Release|Any CPU.ActiveCfg = Release|Any CPU
		{1149071B-C953-4590-9867-2700CD5364A2}.Release|Any CPU.Build.0 = Release|Any CPU
	EndGlobalSection
	GlobalSection(SolutionProperties) = preSolution
		HideSolutionNode = FALSE
	EndGlobalSection
	GlobalSection(ExtensibilityGlobals) = postSolution
		SolutionGuid = {2C2FBFD3-5F12-4B88-B00D-EA0BF9FFE650}
	EndGlobalSection
EndGlobal
