
Microsoft Visual Studio Solution File, Format Version 12.00
# Visual Studio Version 16
VisualStudioVersion = 16.0.30011.22
MinimumVisualStudioVersion = 10.0.40219.1
Project("{FAE04EC0-301F-11D3-BF4B-00C04F79EFBC}") = "PersonInfo", "PersonInfo\PersonInfo.csproj", "{EBD8B5CF-0106-42A5-A9E3-2FAAEA2D6DCC}"
EndProject
Project("{FAE04EC0-301F-11D3-BF4B-00C04F79EFBC}") = "P3Telephony", "P3Telephony\P3Telephony.csproj", "{4AAC8587-73A8-4452-90B5-882FECA87043}"
EndProject
Global
	GlobalSection(SolutionConfigurationPlatforms) = preSolution
		Debug|Any CPU = Debug|Any CPU
		Release|Any CPU = Release|Any CPU
	EndGlobalSection
	GlobalSection(ProjectConfigurationPlatforms) = postSolution
		{EBD8B5CF-0106-42A5-A9E3-2FAAEA2D6DCC}.Debug|Any CPU.ActiveCfg = Debug|Any CPU
		{EBD8B5CF-0106-42A5-A9E3-2FAAEA2D6DCC}.Debug|Any CPU.Build.0 = Debug|Any CPU
		{EBD8B5CF-0106-42A5-A9E3-2FAAEA2D6DCC}.Release|Any CPU.ActiveCfg = Release|Any CPU
		{EBD8B5CF-0106-42A5-A9E3-2FAAEA2D6DCC}.Release|Any CPU.Build.0 = Release|Any CPU
		{4AAC8587-73A8-4452-90B5-882FECA87043}.Debug|Any CPU.ActiveCfg = Debug|Any CPU
		{4AAC8587-73A8-4452-90B5-882FECA87043}.Debug|Any CPU.Build.0 = Debug|Any CPU
		{4AAC8587-73A8-4452-90B5-882FECA87043}.Release|Any CPU.ActiveCfg = Release|Any CPU
		{4AAC8587-73A8-4452-90B5-882FECA87043}.Release|Any CPU.Build.0 = Release|Any CPU
	EndGlobalSection
	GlobalSection(SolutionProperties) = preSolution
		HideSolutionNode = FALSE
	EndGlobalSection
	GlobalSection(ExtensibilityGlobals) = postSolution
		SolutionGuid = {2C2FBFD3-5F12-4B88-B00D-EA0BF9FFE650}
	EndGlobalSection
EndGlobal
