
Microsoft Visual Studio Solution File, Format Version 12.00
# Visual Studio Version 16
VisualStudioVersion = 16.0.30011.22
MinimumVisualStudioVersion = 10.0.40219.1
Project("{FAE04EC0-301F-11D3-BF4B-00C04F79EFBC}") = "CSharpAdvancedExam25October2020", "CSharpAdvancedExam25October2020\CSharpAdvancedExam25October2020.csproj", "{27B9041A-16FE-48AD-91CD-9EAF6E319968}"
EndProject
Project("{FAE04EC0-301F-11D3-BF4B-00C04F79EFBC}") = "P2Garden", "P2Garden\P2Garden.csproj", "{D1FE9781-B1F1-406B-9841-14B5435BC057}"
EndProject
Project("{FAE04EC0-301F-11D3-BF4B-00C04F79EFBC}") = "ClassroomProject", "ClassroomProject\ClassroomProject.csproj", "{4DEB7E62-9CBE-4A9E-AC2B-D8097A79A7DF}"
EndProject
Project("{FAE04EC0-301F-11D3-BF4B-00C04F79EFBC}") = "Demo", "Demo\Demo.csproj", "{C80897FD-5B7E-4835-BDE3-7CC05932C435}"
EndProject
Global
	GlobalSection(SolutionConfigurationPlatforms) = preSolution
		Debug|Any CPU = Debug|Any CPU
		Release|Any CPU = Release|Any CPU
	EndGlobalSection
	GlobalSection(ProjectConfigurationPlatforms) = postSolution
		{27B9041A-16FE-48AD-91CD-9EAF6E319968}.Debug|Any CPU.ActiveCfg = Debug|Any CPU
		{27B9041A-16FE-48AD-91CD-9EAF6E319968}.Debug|Any CPU.Build.0 = Debug|Any CPU
		{27B9041A-16FE-48AD-91CD-9EAF6E319968}.Release|Any CPU.ActiveCfg = Release|Any CPU
		{27B9041A-16FE-48AD-91CD-9EAF6E319968}.Release|Any CPU.Build.0 = Release|Any CPU
		{D1FE9781-B1F1-406B-9841-14B5435BC057}.Debug|Any CPU.ActiveCfg = Debug|Any CPU
		{D1FE9781-B1F1-406B-9841-14B5435BC057}.Debug|Any CPU.Build.0 = Debug|Any CPU
		{D1FE9781-B1F1-406B-9841-14B5435BC057}.Release|Any CPU.ActiveCfg = Release|Any CPU
		{D1FE9781-B1F1-406B-9841-14B5435BC057}.Release|Any CPU.Build.0 = Release|Any CPU
		{4DEB7E62-9CBE-4A9E-AC2B-D8097A79A7DF}.Debug|Any CPU.ActiveCfg = Debug|Any CPU
		{4DEB7E62-9CBE-4A9E-AC2B-D8097A79A7DF}.Debug|Any CPU.Build.0 = Debug|Any CPU
		{4DEB7E62-9CBE-4A9E-AC2B-D8097A79A7DF}.Release|Any CPU.ActiveCfg = Release|Any CPU
		{4DEB7E62-9CBE-4A9E-AC2B-D8097A79A7DF}.Release|Any CPU.Build.0 = Release|Any CPU
		{C80897FD-5B7E-4835-BDE3-7CC05932C435}.Debug|Any CPU.ActiveCfg = Debug|Any CPU
		{C80897FD-5B7E-4835-BDE3-7CC05932C435}.Debug|Any CPU.Build.0 = Debug|Any CPU
		{C80897FD-5B7E-4835-BDE3-7CC05932C435}.Release|Any CPU.ActiveCfg = Release|Any CPU
		{C80897FD-5B7E-4835-BDE3-7CC05932C435}.Release|Any CPU.Build.0 = Release|Any CPU
	EndGlobalSection
	GlobalSection(SolutionProperties) = preSolution
		HideSolutionNode = FALSE
	EndGlobalSection
	GlobalSection(ExtensibilityGlobals) = postSolution
		SolutionGuid = {D199BE3D-C0A3-4FAD-8000-2A7B55FB1CEB}
	EndGlobalSection
EndGlobal
