
Microsoft Visual Studio Solution File, Format Version 12.00
# Visual Studio Version 16
VisualStudioVersion = 16.0.30011.22
MinimumVisualStudioVersion = 10.0.40219.1
Project("{FAE04EC0-301F-11D3-BF4B-00C04F79EFBC}") = "Sets and Dictionaries Advanced - Exercise", "Sets and Dictionaries Advanced - Exercise\Sets and Dictionaries Advanced - Exercise.csproj", "{B2DA2CCB-9635-45FE-B7C3-AD39CFBB04BF}"
EndProject
Project("{FAE04EC0-301F-11D3-BF4B-00C04F79EFBC}") = "02. Sets of Elements", "02. Sets of Elements\02. Sets of Elements.csproj", "{F1F0714F-A43C-4DB8-819C-66AA5FFDFD1C}"
EndProject
Project("{FAE04EC0-301F-11D3-BF4B-00C04F79EFBC}") = "03. Periodic Table", "03. Periodic Table\03. Periodic Table.csproj", "{796D4458-92E8-44B8-9AD1-2753E6F131E8}"
EndProject
Project("{FAE04EC0-301F-11D3-BF4B-00C04F79EFBC}") = "04. Even Times", "04. Even Times\04. Even Times.csproj", "{03514A78-7FE4-4A12-B6EA-805C5B1189F2}"
EndProject
Global
	GlobalSection(SolutionConfigurationPlatforms) = preSolution
		Debug|Any CPU = Debug|Any CPU
		Release|Any CPU = Release|Any CPU
	EndGlobalSection
	GlobalSection(ProjectConfigurationPlatforms) = postSolution
		{B2DA2CCB-9635-45FE-B7C3-AD39CFBB04BF}.Debug|Any CPU.ActiveCfg = Debug|Any CPU
		{B2DA2CCB-9635-45FE-B7C3-AD39CFBB04BF}.Debug|Any CPU.Build.0 = Debug|Any CPU
		{B2DA2CCB-9635-45FE-B7C3-AD39CFBB04BF}.Release|Any CPU.ActiveCfg = Release|Any CPU
		{B2DA2CCB-9635-45FE-B7C3-AD39CFBB04BF}.Release|Any CPU.Build.0 = Release|Any CPU
		{F1F0714F-A43C-4DB8-819C-66AA5FFDFD1C}.Debug|Any CPU.ActiveCfg = Debug|Any CPU
		{F1F0714F-A43C-4DB8-819C-66AA5FFDFD1C}.Debug|Any CPU.Build.0 = Debug|Any CPU
		{F1F0714F-A43C-4DB8-819C-66AA5FFDFD1C}.Release|Any CPU.ActiveCfg = Release|Any CPU
		{F1F0714F-A43C-4DB8-819C-66AA5FFDFD1C}.Release|Any CPU.Build.0 = Release|Any CPU
		{796D4458-92E8-44B8-9AD1-2753E6F131E8}.Debug|Any CPU.ActiveCfg = Debug|Any CPU
		{796D4458-92E8-44B8-9AD1-2753E6F131E8}.Debug|Any CPU.Build.0 = Debug|Any CPU
		{796D4458-92E8-44B8-9AD1-2753E6F131E8}.Release|Any CPU.ActiveCfg = Release|Any CPU
		{796D4458-92E8-44B8-9AD1-2753E6F131E8}.Release|Any CPU.Build.0 = Release|Any CPU
		{03514A78-7FE4-4A12-B6EA-805C5B1189F2}.Debug|Any CPU.ActiveCfg = Debug|Any CPU
		{03514A78-7FE4-4A12-B6EA-805C5B1189F2}.Debug|Any CPU.Build.0 = Debug|Any CPU
		{03514A78-7FE4-4A12-B6EA-805C5B1189F2}.Release|Any CPU.ActiveCfg = Release|Any CPU
		{03514A78-7FE4-4A12-B6EA-805C5B1189F2}.Release|Any CPU.Build.0 = Release|Any CPU
	EndGlobalSection
	GlobalSection(SolutionProperties) = preSolution
		HideSolutionNode = FALSE
	EndGlobalSection
	GlobalSection(ExtensibilityGlobals) = postSolution
		SolutionGuid = {F4CCC918-2FDE-4ED7-805B-F64E79EB12B8}
	EndGlobalSection
EndGlobal
