
Microsoft Visual Studio Solution File, Format Version 12.00
# Visual Studio Version 16
VisualStudioVersion = 16.0.30011.22
MinimumVisualStudioVersion = 10.0.40219.1
Project("{9A19103F-16F7-4668-BE54-9A1E7A4F7556}") = "Rabbits", "Rabbits.csproj", "{A2DB271C-588A-4CE8-801D-899C0F44D0AA}"
EndProject
Global
	GlobalSection(SolutionConfigurationPlatforms) = preSolution
		Debug|Any CPU = Debug|Any CPU
		Release|Any CPU = Release|Any CPU
	EndGlobalSection
	GlobalSection(ProjectConfigurationPlatforms) = postSolution
		{A2DB271C-588A-4CE8-801D-899C0F44D0AA}.Debug|Any CPU.ActiveCfg = Debug|Any CPU
		{A2DB271C-588A-4CE8-801D-899C0F44D0AA}.Debug|Any CPU.Build.0 = Debug|Any CPU
		{A2DB271C-588A-4CE8-801D-899C0F44D0AA}.Release|Any CPU.ActiveCfg = Release|Any CPU
		{A2DB271C-588A-4CE8-801D-899C0F44D0AA}.Release|Any CPU.Build.0 = Release|Any CPU
	EndGlobalSection
	GlobalSection(SolutionProperties) = preSolution
		HideSolutionNode = FALSE
	EndGlobalSection
	GlobalSection(ExtensibilityGlobals) = postSolution
		SolutionGuid = {C1EBEB22-B731-4C1F-B15F-82FBF77C83F8}
	EndGlobalSection
EndGlobal
