
Microsoft Visual Studio Solution File, Format Version 12.00
# Visual Studio Version 16
VisualStudioVersion = 16.0.30011.22
MinimumVisualStudioVersion = 10.0.40219.1
Project("{FAE04EC0-301F-11D3-BF4B-00C04F79EFBC}") = "Functional Programming - Exercise", "Functional Programming - Exercise\Functional Programming - Exercise.csproj", "{E0CC7645-E9FB-48A3-9CC0-3B82148CDAFB}"
EndProject
Project("{FAE04EC0-301F-11D3-BF4B-00C04F79EFBC}") = "02. Knights of Honor", "02. Knights of Honor\02. Knights of Honor.csproj", "{EF2F9965-8221-4406-AFAF-DAF40171490E}"
EndProject
Project("{FAE04EC0-301F-11D3-BF4B-00C04F79EFBC}") = "03. Custom Min Function", "03. Custom Min Function\03. Custom Min Function.csproj", "{58617C62-70BC-4004-870F-E9D044EA7B73}"
EndProject
Project("{FAE04EC0-301F-11D3-BF4B-00C04F79EFBC}") = "04. Find Evens or Odds", "04. Find Evens or Odds\04. Find Evens or Odds.csproj", "{B3F25635-AB31-4EE7-AC58-6133CDE8A5A6}"
EndProject
Project("{FAE04EC0-301F-11D3-BF4B-00C04F79EFBC}") = "05. Applied Arithmetics", "05. Applied Arithmetics\05. Applied Arithmetics.csproj", "{C88C4BA3-F5B5-4CA8-9954-B0668C79D439}"
EndProject
Global
	GlobalSection(SolutionConfigurationPlatforms) = preSolution
		Debug|Any CPU = Debug|Any CPU
		Release|Any CPU = Release|Any CPU
	EndGlobalSection
	GlobalSection(ProjectConfigurationPlatforms) = postSolution
		{E0CC7645-E9FB-48A3-9CC0-3B82148CDAFB}.Debug|Any CPU.ActiveCfg = Debug|Any CPU
		{E0CC7645-E9FB-48A3-9CC0-3B82148CDAFB}.Debug|Any CPU.Build.0 = Debug|Any CPU
		{E0CC7645-E9FB-48A3-9CC0-3B82148CDAFB}.Release|Any CPU.ActiveCfg = Release|Any CPU
		{E0CC7645-E9FB-48A3-9CC0-3B82148CDAFB}.Release|Any CPU.Build.0 = Release|Any CPU
		{EF2F9965-8221-4406-AFAF-DAF40171490E}.Debug|Any CPU.ActiveCfg = Debug|Any CPU
		{EF2F9965-8221-4406-AFAF-DAF40171490E}.Debug|Any CPU.Build.0 = Debug|Any CPU
		{EF2F9965-8221-4406-AFAF-DAF40171490E}.Release|Any CPU.ActiveCfg = Release|Any CPU
		{EF2F9965-8221-4406-AFAF-DAF40171490E}.Release|Any CPU.Build.0 = Release|Any CPU
		{58617C62-70BC-4004-870F-E9D044EA7B73}.Debug|Any CPU.ActiveCfg = Debug|Any CPU
		{58617C62-70BC-4004-870F-E9D044EA7B73}.Debug|Any CPU.Build.0 = Debug|Any CPU
		{58617C62-70BC-4004-870F-E9D044EA7B73}.Release|Any CPU.ActiveCfg = Release|Any CPU
		{58617C62-70BC-4004-870F-E9D044EA7B73}.Release|Any CPU.Build.0 = Release|Any CPU
		{B3F25635-AB31-4EE7-AC58-6133CDE8A5A6}.Debug|Any CPU.ActiveCfg = Debug|Any CPU
		{B3F25635-AB31-4EE7-AC58-6133CDE8A5A6}.Debug|Any CPU.Build.0 = Debug|Any CPU
		{B3F25635-AB31-4EE7-AC58-6133CDE8A5A6}.Release|Any CPU.ActiveCfg = Release|Any CPU
		{B3F25635-AB31-4EE7-AC58-6133CDE8A5A6}.Release|Any CPU.Build.0 = Release|Any CPU
		{C88C4BA3-F5B5-4CA8-9954-B0668C79D439}.Debug|Any CPU.ActiveCfg = Debug|Any CPU
		{C88C4BA3-F5B5-4CA8-9954-B0668C79D439}.Debug|Any CPU.Build.0 = Debug|Any CPU
		{C88C4BA3-F5B5-4CA8-9954-B0668C79D439}.Release|Any CPU.ActiveCfg = Release|Any CPU
		{C88C4BA3-F5B5-4CA8-9954-B0668C79D439}.Release|Any CPU.Build.0 = Release|Any CPU
	EndGlobalSection
	GlobalSection(SolutionProperties) = preSolution
		HideSolutionNode = FALSE
	EndGlobalSection
	GlobalSection(ExtensibilityGlobals) = postSolution
		SolutionGuid = {5A2422D4-56B1-4FD6-B036-7969A9FE96E3}
	EndGlobalSection
EndGlobal
